
Microsoft Visual Studio Solution File, Format Version 12.00
# Visual Studio Version 17
VisualStudioVersion = 17.11.35327.3
MinimumVisualStudioVersion = 10.0.40219.1
Project("{FAE04EC0-301F-11D3-BF4B-00C04F79EFBC}") = "RandomGenerator", "RandomGenerator\RandomGenerator.csproj", "{37B741DA-CB6E-45C8-B81F-A3D3754DA791}"
EndProject
Global
	GlobalSection(SolutionConfigurationPlatforms) = preSolution
		Debug|Any CPU = Debug|Any CPU
		Release|Any CPU = Release|Any CPU
	EndGlobalSection
	GlobalSection(ProjectConfigurationPlatforms) = postSolution
		{37B741DA-CB6E-45C8-B81F-A3D3754DA791}.Debug|Any CPU.ActiveCfg = Debug|Any CPU
		{37B741DA-CB6E-45C8-B81F-A3D3754DA791}.Debug|Any CPU.Build.0 = Debug|Any CPU
		{37B741DA-CB6E-45C8-B81F-A3D3754DA791}.Release|Any CPU.ActiveCfg = Release|Any CPU
		{37B741DA-CB6E-45C8-B81F-A3D3754DA791}.Release|Any CPU.Build.0 = Release|Any CPU
	EndGlobalSection
	GlobalSection(SolutionProperties) = preSolution
		HideSolutionNode = FALSE
	EndGlobalSection
	GlobalSection(ExtensibilityGlobals) = postSolution
		SolutionGuid = {101D50C6-5BD1-41C6-BFC2-6453B7A959FC}
	EndGlobalSection
EndGlobal
