
Microsoft Visual Studio Solution File, Format Version 12.00
# Visual Studio Version 17
VisualStudioVersion = 17.10.35013.160
MinimumVisualStudioVersion = 10.0.40219.1
Project("{FAE04EC0-301F-11D3-BF4B-00C04F79EFBC}") = "P02_FootballBetting", "P02_FootballBetting\P02_FootballBetting.csproj", "{A35F65BF-C345-4CBF-8828-D73B41C084EE}"
EndProject
Global
	GlobalSection(SolutionConfigurationPlatforms) = preSolution
		Debug|Any CPU = Debug|Any CPU
		Release|Any CPU = Release|Any CPU
	EndGlobalSection
	GlobalSection(ProjectConfigurationPlatforms) = postSolution
		{A35F65BF-C345-4CBF-8828-D73B41C084EE}.Debug|Any CPU.ActiveCfg = Debug|Any CPU
		{A35F65BF-C345-4CBF-8828-D73B41C084EE}.Debug|Any CPU.Build.0 = Debug|Any CPU
		{A35F65BF-C345-4CBF-8828-D73B41C084EE}.Release|Any CPU.ActiveCfg = Release|Any CPU
		{A35F65BF-C345-4CBF-8828-D73B41C084EE}.Release|Any CPU.Build.0 = Release|Any CPU
	EndGlobalSection
	GlobalSection(SolutionProperties) = preSolution
		HideSolutionNode = FALSE
	EndGlobalSection
	GlobalSection(ExtensibilityGlobals) = postSolution
		SolutionGuid = {C7B3499F-5B84-4BD7-A21D-B963C4A55C73}
	EndGlobalSection
EndGlobal
