
Microsoft Visual Studio Solution File, Format Version 12.00
# Visual Studio Version 17
VisualStudioVersion = 17.10.35013.160
MinimumVisualStudioVersion = 10.0.40219.1
Project("{9A19103F-16F7-4668-BE54-9A1E7A4F7556}") = "P02_FootballBetting", "P02_FootballBetting\P02_FootballBetting.csproj", "{A35F65BF-C345-4CBF-8828-D73B41C084EE}"
EndProject
Project("{9A19103F-16F7-4668-BE54-9A1E7A4F7556}") = "P02_FootballBetting.Data", "P02_FootballBetting.Data\P02_FootballBetting.Data.csproj", "{5E58446E-55EB-4678-9D63-EA4B4C54A6A4}"
EndProject
Project("{9A19103F-16F7-4668-BE54-9A1E7A4F7556}") = "P02_FootballBetting.Data.Models", "P02_FootballBetting.Data.Models\P02_FootballBetting.Data.Models.csproj", "{0067FF4B-DB28-48F2-B311-93771DEA8643}"
EndProject
Project("{9A19103F-16F7-4668-BE54-9A1E7A4F7556}") = "P02_FootballBetting.Data.Common", "P02_FootballBetting.Data.Common\P02_FootballBetting.Data.Common.csproj", "{A7E0FCEF-D48E-47CE-AEC7-09FD435A73E4}"
EndProject
Global
	GlobalSection(SolutionConfigurationPlatforms) = preSolution
		Debug|Any CPU = Debug|Any CPU
		Release|Any CPU = Release|Any CPU
	EndGlobalSection
	GlobalSection(ProjectConfigurationPlatforms) = postSolution
		{A35F65BF-C345-4CBF-8828-D73B41C084EE}.Debug|Any CPU.ActiveCfg = Debug|Any CPU
		{A35F65BF-C345-4CBF-8828-D73B41C084EE}.Debug|Any CPU.Build.0 = Debug|Any CPU
		{A35F65BF-C345-4CBF-8828-D73B41C084EE}.Release|Any CPU.ActiveCfg = Release|Any CPU
		{A35F65BF-C345-4CBF-8828-D73B41C084EE}.Release|Any CPU.Build.0 = Release|Any CPU
		{5E58446E-55EB-4678-9D63-EA4B4C54A6A4}.Debug|Any CPU.ActiveCfg = Debug|Any CPU
		{5E58446E-55EB-4678-9D63-EA4B4C54A6A4}.Debug|Any CPU.Build.0 = Debug|Any CPU
		{5E58446E-55EB-4678-9D63-EA4B4C54A6A4}.Release|Any CPU.ActiveCfg = Release|Any CPU
		{5E58446E-55EB-4678-9D63-EA4B4C54A6A4}.Release|Any CPU.Build.0 = Release|Any CPU
		{0067FF4B-DB28-48F2-B311-93771DEA8643}.Debug|Any CPU.ActiveCfg = Debug|Any CPU
		{0067FF4B-DB28-48F2-B311-93771DEA8643}.Debug|Any CPU.Build.0 = Debug|Any CPU
		{0067FF4B-DB28-48F2-B311-93771DEA8643}.Release|Any CPU.ActiveCfg = Release|Any CPU
		{0067FF4B-DB28-48F2-B311-93771DEA8643}.Release|Any CPU.Build.0 = Release|Any CPU
		{A7E0FCEF-D48E-47CE-AEC7-09FD435A73E4}.Debug|Any CPU.ActiveCfg = Debug|Any CPU
		{A7E0FCEF-D48E-47CE-AEC7-09FD435A73E4}.Debug|Any CPU.Build.0 = Debug|Any CPU
		{A7E0FCEF-D48E-47CE-AEC7-09FD435A73E4}.Release|Any CPU.ActiveCfg = Release|Any CPU
		{A7E0FCEF-D48E-47CE-AEC7-09FD435A73E4}.Release|Any CPU.Build.0 = Release|Any CPU
	EndGlobalSection
	GlobalSection(SolutionProperties) = preSolution
		HideSolutionNode = FALSE
	EndGlobalSection
	GlobalSection(ExtensibilityGlobals) = postSolution
		SolutionGuid = {C7B3499F-5B84-4BD7-A21D-B963C4A55C73}
	EndGlobalSection
EndGlobal
